// !$*UTF8*$!
{
	archiveVersion = 1;
	classes = {
	};
	objectVersion = 56;
	objects = {

/* Begin PBXBuildFile section */
		A10001 /* MeetingTranscriberApp.swift in Sources */ = {isa = PBXBuildFile; fileRef = B10001; };
		A10002 /* ContentView.swift in Sources */ = {isa = PBXBuildFile; fileRef = B10002; };
		A10003 /* Meeting.swift in Sources */ = {isa = PBXBuildFile; fileRef = B10003; };
		A10004 /* TranscriptSegment.swift in Sources */ = {isa = PBXBuildFile; fileRef = B10004; };
		A10005 /* SpeakerProfile.swift in Sources */ = {isa = PBXBuildFile; fileRef = B10005; };
		A10006 /* AppError.swift in Sources */ = {isa = PBXBuildFile; fileRef = B10006; };
		A10007 /* AudioCaptureManager.swift in Sources */ = {isa = PBXBuildFile; fileRef = B10007; };
		A10008 /* SpeechRecognitionManager.swift in Sources */ = {isa = PBXBuildFile; fileRef = B10008; };
		A10009 /* TranscriptionEngine.swift in Sources */ = {isa = PBXBuildFile; fileRef = B10009; };
		A10010 /* SpeakerDiarizationManager.swift in Sources */ = {isa = PBXBuildFile; fileRef = B10010; };
		A10011 /* SummarizationService.swift in Sources */ = {isa = PBXBuildFile; fileRef = B10011; };
		A10012 /* FileStorageManager.swift in Sources */ = {isa = PBXBuildFile; fileRef = B10012; };
		A10013 /* APIConfiguration.swift in Sources */ = {isa = PBXBuildFile; fileRef = B10013; };
		A10014 /* MeetingRecorderViewModel.swift in Sources */ = {isa = PBXBuildFile; fileRef = B10014; };
		A10015 /* MeetingHistoryViewModel.swift in Sources */ = {isa = PBXBuildFile; fileRef = B10015; };
		A10016 /* MeetingDetailViewModel.swift in Sources */ = {isa = PBXBuildFile; fileRef = B10016; };
		A10017 /* RecordingView.swift in Sources */ = {isa = PBXBuildFile; fileRef = B10017; };
		A10018 /* MeetingHistoryView.swift in Sources */ = {isa = PBXBuildFile; fileRef = B10018; };
		A10019 /* MeetingDetailView.swift in Sources */ = {isa = PBXBuildFile; fileRef = B10019; };
		A10020 /* AudioLevelIndicator.swift in Sources */ = {isa = PBXBuildFile; fileRef = B10020; };
		A10021 /* SpeakerBadge.swift in Sources */ = {isa = PBXBuildFile; fileRef = B10021; };
		A10022 /* TranscriptSegmentRow.swift in Sources */ = {isa = PBXBuildFile; fileRef = B10022; };
		A10023 /* SettingsView.swift in Sources */ = {isa = PBXBuildFile; fileRef = B10023; };
/* End PBXBuildFile section */

/* Begin PBXFileReference section */
		C10001 /* MeetingTranscriber.app */ = {isa = PBXFileReference; explicitFileType = wrapper.application; includeInIndex = 0; path = MeetingTranscriber.app; sourceTree = BUILT_PRODUCTS_DIR; };
		B10001 /* MeetingTranscriberApp.swift */ = {isa = PBXFileReference; lastKnownFileType = sourcecode.swift; path = MeetingTranscriberApp.swift; sourceTree = "<group>"; };
		B10002 /* ContentView.swift */ = {isa = PBXFileReference; lastKnownFileType = sourcecode.swift; path = ContentView.swift; sourceTree = "<group>"; };
		B10003 /* Meeting.swift */ = {isa = PBXFileReference; lastKnownFileType = sourcecode.swift; path = Meeting.swift; sourceTree = "<group>"; };
		B10004 /* TranscriptSegment.swift */ = {isa = PBXFileReference; lastKnownFileType = sourcecode.swift; path = TranscriptSegment.swift; sourceTree = "<group>"; };
		B10005 /* SpeakerProfile.swift */ = {isa = PBXFileReference; lastKnownFileType = sourcecode.swift; path = SpeakerProfile.swift; sourceTree = "<group>"; };
		B10006 /* AppError.swift */ = {isa = PBXFileReference; lastKnownFileType = sourcecode.swift; path = AppError.swift; sourceTree = "<group>"; };
		B10007 /* AudioCaptureManager.swift */ = {isa = PBXFileReference; lastKnownFileType = sourcecode.swift; path = AudioCaptureManager.swift; sourceTree = "<group>"; };
		B10008 /* SpeechRecognitionManager.swift */ = {isa = PBXFileReference; lastKnownFileType = sourcecode.swift; path = SpeechRecognitionManager.swift; sourceTree = "<group>"; };
		B10009 /* TranscriptionEngine.swift */ = {isa = PBXFileReference; lastKnownFileType = sourcecode.swift; path = TranscriptionEngine.swift; sourceTree = "<group>"; };
		B10010 /* SpeakerDiarizationManager.swift */ = {isa = PBXFileReference; lastKnownFileType = sourcecode.swift; path = SpeakerDiarizationManager.swift; sourceTree = "<group>"; };
		B10011 /* SummarizationService.swift */ = {isa = PBXFileReference; lastKnownFileType = sourcecode.swift; path = SummarizationService.swift; sourceTree = "<group>"; };
		B10012 /* FileStorageManager.swift */ = {isa = PBXFileReference; lastKnownFileType = sourcecode.swift; path = FileStorageManager.swift; sourceTree = "<group>"; };
		B10013 /* APIConfiguration.swift */ = {isa = PBXFileReference; lastKnownFileType = sourcecode.swift; path = APIConfiguration.swift; sourceTree = "<group>"; };
		B10014 /* MeetingRecorderViewModel.swift */ = {isa = PBXFileReference; lastKnownFileType = sourcecode.swift; path = MeetingRecorderViewModel.swift; sourceTree = "<group>"; };
		B10015 /* MeetingHistoryViewModel.swift */ = {isa = PBXFileReference; lastKnownFileType = sourcecode.swift; path = MeetingHistoryViewModel.swift; sourceTree = "<group>"; };
		B10016 /* MeetingDetailViewModel.swift */ = {isa = PBXFileReference; lastKnownFileType = sourcecode.swift; path = MeetingDetailViewModel.swift; sourceTree = "<group>"; };
		B10017 /* RecordingView.swift */ = {isa = PBXFileReference; lastKnownFileType = sourcecode.swift; path = RecordingView.swift; sourceTree = "<group>"; };
		B10018 /* MeetingHistoryView.swift */ = {isa = PBXFileReference; lastKnownFileType = sourcecode.swift; path = MeetingHistoryView.swift; sourceTree = "<group>"; };
		B10019 /* MeetingDetailView.swift */ = {isa = PBXFileReference; lastKnownFileType = sourcecode.swift; path = MeetingDetailView.swift; sourceTree = "<group>"; };
		B10020 /* AudioLevelIndicator.swift */ = {isa = PBXFileReference; lastKnownFileType = sourcecode.swift; path = AudioLevelIndicator.swift; sourceTree = "<group>"; };
		B10021 /* SpeakerBadge.swift */ = {isa = PBXFileReference; lastKnownFileType = sourcecode.swift; path = SpeakerBadge.swift; sourceTree = "<group>"; };
		B10022 /* TranscriptSegmentRow.swift */ = {isa = PBXFileReference; lastKnownFileType = sourcecode.swift; path = TranscriptSegmentRow.swift; sourceTree = "<group>"; };
		B10023 /* SettingsView.swift */ = {isa = PBXFileReference; lastKnownFileType = sourcecode.swift; path = SettingsView.swift; sourceTree = "<group>"; };
		B10024 /* Info.plist */ = {isa = PBXFileReference; lastKnownFileType = text.plist.xml; path = Info.plist; sourceTree = "<group>"; };
/* End PBXFileReference section */

/* Begin PBXFrameworksBuildPhase section */
		D10001 /* Frameworks */ = {
			isa = PBXFrameworksBuildPhase;
			buildActionMask = 2147483647;
			files = (
			);
			runOnlyForDeploymentPostprocessing = 0;
		};
/* End PBXFrameworksBuildPhase section */

/* Begin PBXGroup section */
		E10001 = {
			isa = PBXGroup;
			children = (
				E10002 /* MeetingTranscriber */,
				E10003 /* Products */,
			);
			sourceTree = "<group>";
		};
		E10002 /* MeetingTranscriber */ = {
			isa = PBXGroup;
			children = (
				B10024 /* Info.plist */,
				E10004 /* App */,
				E10005 /* Models */,
				E10006 /* Services */,
				E10011 /* ViewModels */,
				E10012 /* Views */,
				E10017 /* Resources */,
				E10018 /* Utilities */,
			);
			path = MeetingTranscriber;
			sourceTree = "<group>";
		};
		E10003 /* Products */ = {
			isa = PBXGroup;
			children = (
				C10001 /* MeetingTranscriber.app */,
			);
			name = Products;
			sourceTree = "<group>";
		};
		E10004 /* App */ = {
			isa = PBXGroup;
			children = (
				B10001 /* MeetingTranscriberApp.swift */,
			);
			path = App;
			sourceTree = "<group>";
		};
		E10005 /* Models */ = {
			isa = PBXGroup;
			children = (
				B10003 /* Meeting.swift */,
				B10004 /* TranscriptSegment.swift */,
				B10005 /* SpeakerProfile.swift */,
				B10006 /* AppError.swift */,
			);
			path = Models;
			sourceTree = "<group>";
		};
		E10006 /* Services */ = {
			isa = PBXGroup;
			children = (
				E10007 /* Audio */,
				E10008 /* Speech */,
				E10009 /* Diarization */,
				E10010 /* Summarization */,
				E10015 /* Storage */,
				E10016 /* Network */,
			);
			path = Services;
			sourceTree = "<group>";
		};
		E10007 /* Audio */ = {
			isa = PBXGroup;
			children = (
				B10007 /* AudioCaptureManager.swift */,
			);
			path = Audio;
			sourceTree = "<group>";
		};
		E10008 /* Speech */ = {
			isa = PBXGroup;
			children = (
				B10008 /* SpeechRecognitionManager.swift */,
				B10009 /* TranscriptionEngine.swift */,
			);
			path = Speech;
			sourceTree = "<group>";
		};
		E10009 /* Diarization */ = {
			isa = PBXGroup;
			children = (
				B10010 /* SpeakerDiarizationManager.swift */,
			);
			path = Diarization;
			sourceTree = "<group>";
		};
		E10010 /* Summarization */ = {
			isa = PBXGroup;
			children = (
				B10011 /* SummarizationService.swift */,
			);
			path = Summarization;
			sourceTree = "<group>";
		};
		E10011 /* ViewModels */ = {
			isa = PBXGroup;
			children = (
				B10014 /* MeetingRecorderViewModel.swift */,
				B10015 /* MeetingHistoryViewModel.swift */,
				B10016 /* MeetingDetailViewModel.swift */,
			);
			path = ViewModels;
			sourceTree = "<group>";
		};
		E10012 /* Views */ = {
			isa = PBXGroup;
			children = (
				B10002 /* ContentView.swift */,
				E10013 /* Recording */,
				E10014 /* History */,
				E10019 /* Detail */,
				E10020 /* Components */,
			);
			path = Views;
			sourceTree = "<group>";
		};
		E10013 /* Recording */ = {
			isa = PBXGroup;
			children = (
				B10017 /* RecordingView.swift */,
			);
			path = Recording;
			sourceTree = "<group>";
		};
		E10014 /* History */ = {
			isa = PBXGroup;
			children = (
				B10018 /* MeetingHistoryView.swift */,
			);
			path = History;
			sourceTree = "<group>";
		};
		E10015 /* Storage */ = {
			isa = PBXGroup;
			children = (
				B10012 /* FileStorageManager.swift */,
			);
			path = Storage;
			sourceTree = "<group>";
		};
		E10016 /* Network */ = {
			isa = PBXGroup;
			children = (
				B10013 /* APIConfiguration.swift */,
			);
			path = Network;
			sourceTree = "<group>";
		};
		E10017 /* Resources */ = {
			isa = PBXGroup;
			children = (
			);
			path = Resources;
			sourceTree = "<group>";
		};
		E10018 /* Utilities */ = {
			isa = PBXGroup;
			children = (
			);
			path = Utilities;
			sourceTree = "<group>";
		};
		E10019 /* Detail */ = {
			isa = PBXGroup;
			children = (
				B10019 /* MeetingDetailView.swift */,
			);
			path = Detail;
			sourceTree = "<group>";
		};
		E10020 /* Components */ = {
			isa = PBXGroup;
			children = (
				B10020 /* AudioLevelIndicator.swift */,
				B10021 /* SpeakerBadge.swift */,
				B10022 /* TranscriptSegmentRow.swift */,
				B10023 /* SettingsView.swift */,
			);
			path = Components;
			sourceTree = "<group>";
		};
/* End PBXGroup section */

/* Begin PBXNativeTarget section */
		F10001 /* MeetingTranscriber */ = {
			isa = PBXNativeTarget;
			buildConfigurationList = G10003;
			buildPhases = (
				F10002 /* Sources */,
				D10001 /* Frameworks */,
				F10003 /* Resources */,
			);
			buildRules = (
			);
			dependencies = (
			);
			name = MeetingTranscriber;
			productName = MeetingTranscriber;
			productReference = C10001 /* MeetingTranscriber.app */;
			productType = "com.apple.product-type.application";
		};
/* End PBXNativeTarget section */

/* Begin PBXProject section */
		H10001 /* Project object */ = {
			isa = PBXProject;
			attributes = {
				BuildIndependentTargetsInParallel = 1;
				LastSwiftUpdateCheck = 1540;
				LastUpgradeCheck = 1540;
				TargetAttributes = {
					F10001 = {
						CreatedOnToolsVersion = 15.4;
					};
				};
			};
			buildConfigurationList = G10001;
			compatibilityVersion = "Xcode 14.0";
			developmentRegion = en;
			hasScannedForEncodings = 0;
			knownRegions = (
				en,
				Base,
			);
			mainGroup = E10001;
			productRefGroup = E10003 /* Products */;
			projectDirPath = "";
			projectRoot = "";
			targets = (
				F10001 /* MeetingTranscriber */,
			);
		};
/* End PBXProject section */

/* Begin PBXResourcesBuildPhase section */
		F10003 /* Resources */ = {
			isa = PBXResourcesBuildPhase;
			buildActionMask = 2147483647;
			files = (
			);
			runOnlyForDeploymentPostprocessing = 0;
		};
/* End PBXResourcesBuildPhase section */

/* Begin PBXSourcesBuildPhase section */
		F10002 /* Sources */ = {
			isa = PBXSourcesBuildPhase;
			buildActionMask = 2147483647;
			files = (
				A10001 /* MeetingTranscriberApp.swift in Sources */,
				A10002 /* ContentView.swift in Sources */,
				A10003 /* Meeting.swift in Sources */,
				A10004 /* TranscriptSegment.swift in Sources */,
				A10005 /* SpeakerProfile.swift in Sources */,
				A10006 /* AppError.swift in Sources */,
				A10007 /* AudioCaptureManager.swift in Sources */,
				A10008 /* SpeechRecognitionManager.swift in Sources */,
				A10009 /* TranscriptionEngine.swift in Sources */,
				A10010 /* SpeakerDiarizationManager.swift in Sources */,
				A10011 /* SummarizationService.swift in Sources */,
				A10012 /* FileStorageManager.swift in Sources */,
				A10013 /* APIConfiguration.swift in Sources */,
				A10014 /* MeetingRecorderViewModel.swift in Sources */,
				A10015 /* MeetingHistoryViewModel.swift in Sources */,
				A10016 /* MeetingDetailViewModel.swift in Sources */,
				A10017 /* RecordingView.swift in Sources */,
				A10018 /* MeetingHistoryView.swift in Sources */,
				A10019 /* MeetingDetailView.swift in Sources */,
				A10020 /* AudioLevelIndicator.swift in Sources */,
				A10021 /* SpeakerBadge.swift in Sources */,
				A10022 /* TranscriptSegmentRow.swift in Sources */,
				A10023 /* SettingsView.swift in Sources */,
			);
			runOnlyForDeploymentPostprocessing = 0;
		};
/* End PBXSourcesBuildPhase section */

/* Begin XCBuildConfiguration section */
		G10002 /* Debug */ = {
			isa = XCBuildConfiguration;
			buildSettings = {
				ALWAYS_SEARCH_USER_PATHS = NO;
				ASSETCATALOG_COMPILER_GENERATE_SWIFT_ASSET_SYMBOL_EXTENSIONS = YES;
				CLANG_ANALYZER_NONNULL = YES;
				CLANG_ANALYZER_NUMBER_OBJECT_CONVERSION = YES_AGGRESSIVE;
				CLANG_CXX_LANGUAGE_STANDARD = "gnu++20";
				CLANG_ENABLE_MODULES = YES;
				CLANG_ENABLE_OBJC_ARC = YES;
				CLANG_ENABLE_OBJC_WEAK = YES;
				CLANG_WARN_BLOCK_CAPTURE_AUTORELEASING = YES;
				CLANG_WARN_BOOL_CONVERSION = YES;
				CLANG_WARN_COMMA = YES;
				CLANG_WARN_CONSTANT_CONVERSION = YES;
				CLANG_WARN_DEPRECATED_OBJC_IMPLEMENTATIONS = YES;
				CLANG_WARN_DIRECT_OBJC_ISA_USAGE = YES_ERROR;
				CLANG_WARN_DOCUMENTATION_COMMENTS = YES;
				CLANG_WARN_EMPTY_BODY = YES;
				CLANG_WARN_ENUM_CONVERSION = YES;
				CLANG_WARN_INFINITE_RECURSION = YES;
				CLANG_WARN_INT_CONVERSION = YES;
				CLANG_WARN_NON_LITERAL_NULL_CONVERSION = YES;
				CLANG_WARN_OBJC_IMPLICIT_RETAIN_SELF = YES;
				CLANG_WARN_OBJC_LITERAL_CONVERSION = YES;
				CLANG_WARN_OBJC_ROOT_CLASS = YES_ERROR;
				CLANG_WARN_QUOTED_INCLUDE_IN_FRAMEWORK_HEADER = YES;
				CLANG_WARN_RANGE_LOOP_ANALYSIS = YES;
				CLANG_WARN_STRICT_PROTOTYPES = YES;
				CLANG_WARN_SUSPICIOUS_MOVE = YES;
				CLANG_WARN_UNGUARDED_AVAILABILITY = YES_AGGRESSIVE;
				CLANG_WARN_UNREACHABLE_CODE = YES;
				CLANG_WARN__DUPLICATE_METHOD_MATCH = YES;
				COPY_PHASE_STRIP = NO;
				DEBUG_INFORMATION_FORMAT = dwarf;
				ENABLE_STRICT_OBJC_MSGSEND = YES;
				ENABLE_TESTABILITY = YES;
				ENABLE_USER_SCRIPT_SANDBOXING = YES;
				GCC_C_LANGUAGE_STANDARD = gnu17;
				GCC_DYNAMIC_NO_PIC = NO;
				GCC_NO_COMMON_BLOCKS = YES;
				GCC_OPTIMIZATION_LEVEL = 0;
				GCC_PREPROCESSOR_DEFINITIONS = (
					"DEBUG=1",
					"$(inherited)",
				);
				GCC_WARN_64_TO_32_BIT_CONVERSION = YES;
				GCC_WARN_ABOUT_RETURN_TYPE = YES_ERROR;
				GCC_WARN_UNDECLARED_SELECTOR = YES;
				GCC_WARN_UNINITIALIZED_AUTOS = YES_AGGRESSIVE;
				GCC_WARN_UNUSED_FUNCTION = YES;
				GCC_WARN_UNUSED_VARIABLE = YES;
				IPHONEOS_DEPLOYMENT_TARGET = 17.0;
				MTL_ENABLE_DEBUG_INFO = INCLUDE_SOURCE;
				MTL_FAST_MATH = YES;
				ONLY_ACTIVE_ARCH = YES;
				SDKROOT = iphoneos;
				SWIFT_ACTIVE_COMPILATION_CONDITIONS = "DEBUG $(inherited)";
				SWIFT_OPTIMIZATION_LEVEL = "-Onone";
			};
			name = Debug;
		};
		G10004 /* Release */ = {
			isa = XCBuildConfiguration;
			buildSettings = {
				ALWAYS_SEARCH_USER_PATHS = NO;
				ASSETCATALOG_COMPILER_GENERATE_SWIFT_ASSET_SYMBOL_EXTENSIONS = YES;
				CLANG_ANALYZER_NONNULL = YES;
				CLANG_ANALYZER_NUMBER_OBJECT_CONVERSION = YES_AGGRESSIVE;
				CLANG_CXX_LANGUAGE_STANDARD = "gnu++20";
				CLANG_ENABLE_MODULES = YES;
				CLANG_ENABLE_OBJC_ARC = YES;
				CLANG_ENABLE_OBJC_WEAK = YES;
				CLANG_WARN_BLOCK_CAPTURE_AUTORELEASING = YES;
				CLANG_WARN_BOOL_CONVERSION = YES;
				CLANG_WARN_COMMA = YES;
				CLANG_WARN_CONSTANT_CONVERSION = YES;
				CLANG_WARN_DEPRECATED_OBJC_IMPLEMENTATIONS = YES;
				CLANG_WARN_DIRECT_OBJC_ISA_USAGE = YES_ERROR;
				CLANG_WARN_DOCUMENTATION_COMMENTS = YES;
				CLANG_WARN_EMPTY_BODY = YES;
				CLANG_WARN_ENUM_CONVERSION = YES;
				CLANG_WARN_INFINITE_RECURSION = YES;
				CLANG_WARN_INT_CONVERSION = YES;
				CLANG_WARN_NON_LITERAL_NULL_CONVERSION = YES;
				CLANG_WARN_OBJC_IMPLICIT_RETAIN_SELF = YES;
				CLANG_WARN_OBJC_LITERAL_CONVERSION = YES;
				CLANG_WARN_OBJC_ROOT_CLASS = YES_ERROR;
				CLANG_WARN_QUOTED_INCLUDE_IN_FRAMEWORK_HEADER = YES;
				CLANG_WARN_RANGE_LOOP_ANALYSIS = YES;
				CLANG_WARN_STRICT_PROTOTYPES = YES;
				CLANG_WARN_SUSPICIOUS_MOVE = YES;
				CLANG_WARN_UNGUARDED_AVAILABILITY = YES_AGGRESSIVE;
				CLANG_WARN_UNREACHABLE_CODE = YES;
				CLANG_WARN__DUPLICATE_METHOD_MATCH = YES;
				COPY_PHASE_STRIP = NO;
				DEBUG_INFORMATION_FORMAT = "dwarf-with-dsym";
				ENABLE_NS_ASSERTIONS = NO;
				ENABLE_STRICT_OBJC_MSGSEND = YES;
				ENABLE_USER_SCRIPT_SANDBOXING = YES;
				GCC_C_LANGUAGE_STANDARD = gnu17;
				GCC_NO_COMMON_BLOCKS = YES;
				GCC_WARN_64_TO_32_BIT_CONVERSION = YES;
				GCC_WARN_ABOUT_RETURN_TYPE = YES_ERROR;
				GCC_WARN_UNDECLARED_SELECTOR = YES;
				GCC_WARN_UNINITIALIZED_AUTOS = YES_AGGRESSIVE;
				GCC_WARN_UNUSED_FUNCTION = YES;
				GCC_WARN_UNUSED_VARIABLE = YES;
				IPHONEOS_DEPLOYMENT_TARGET = 17.0;
				MTL_ENABLE_DEBUG_INFO = NO;
				MTL_FAST_MATH = YES;
				SDKROOT = iphoneos;
				SWIFT_COMPILATION_MODE = wholemodule;
				VALIDATE_PRODUCT = YES;
			};
			name = Release;
		};
		G10005 /* Debug */ = {
			isa = XCBuildConfiguration;
			buildSettings = {
				ASSETCATALOG_COMPILER_APPICON_NAME = AppIcon;
				ASSETCATALOG_COMPILER_GLOBAL_ACCENT_COLOR_NAME = AccentColor;
				CODE_SIGN_STYLE = Automatic;
				CURRENT_PROJECT_VERSION = 1;
				DEVELOPMENT_TEAM = "";
				GENERATE_INFOPLIST_FILE = YES;
				INFOPLIST_FILE = MeetingTranscriber/Info.plist;
				INFOPLIST_KEY_CFBundleDisplayName = "Meeting Transcriber";
				INFOPLIST_KEY_LSApplicationCategoryType = "public.app-category.productivity";
				INFOPLIST_KEY_UIApplicationSceneManifest_Generation = YES;
				INFOPLIST_KEY_UIApplicationSupportsIndirectInputEvents = YES;
				INFOPLIST_KEY_UILaunchScreen_Generation = YES;
				INFOPLIST_KEY_UISupportedInterfaceOrientations_iPad = "UIInterfaceOrientationPortrait UIInterfaceOrientationPortraitUpsideDown UIInterfaceOrientationLandscapeLeft UIInterfaceOrientationLandscapeRight";
				INFOPLIST_KEY_UISupportedInterfaceOrientations_iPhone = "UIInterfaceOrientationPortrait UIInterfaceOrientationLandscapeLeft UIInterfaceOrientationLandscapeRight";
				LD_RUNPATH_SEARCH_PATHS = (
					"$(inherited)",
					"@executable_path/Frameworks",
				);
				MARKETING_VERSION = 1.0.0;
				PRODUCT_BUNDLE_IDENTIFIER = com.meetingtranscriber.app;
				PRODUCT_NAME = "$(TARGET_NAME)";
				SWIFT_EMIT_LOC_STRINGS = YES;
				SWIFT_VERSION = 5.0;
				TARGETED_DEVICE_FAMILY = "1,2";
			};
			name = Debug;
		};
		G10006 /* Release */ = {
			isa = XCBuildConfiguration;
			buildSettings = {
				ASSETCATALOG_COMPILER_APPICON_NAME = AppIcon;
				ASSETCATALOG_COMPILER_GLOBAL_ACCENT_COLOR_NAME = AccentColor;
				CODE_SIGN_STYLE = Automatic;
				CURRENT_PROJECT_VERSION = 1;
				DEVELOPMENT_TEAM = "";
				GENERATE_INFOPLIST_FILE = YES;
				INFOPLIST_FILE = MeetingTranscriber/Info.plist;
				INFOPLIST_KEY_CFBundleDisplayName = "Meeting Transcriber";
				INFOPLIST_KEY_LSApplicationCategoryType = "public.app-category.productivity";
				INFOPLIST_KEY_UIApplicationSceneManifest_Generation = YES;
				INFOPLIST_KEY_UIApplicationSupportsIndirectInputEvents = YES;
				INFOPLIST_KEY_UILaunchScreen_Generation = YES;
				INFOPLIST_KEY_UISupportedInterfaceOrientations_iPad = "UIInterfaceOrientationPortrait UIInterfaceOrientationPortraitUpsideDown UIInterfaceOrientationLandscapeLeft UIInterfaceOrientationLandscapeRight";
				INFOPLIST_KEY_UISupportedInterfaceOrientations_iPhone = "UIInterfaceOrientationPortrait UIInterfaceOrientationLandscapeLeft UIInterfaceOrientationLandscapeRight";
				LD_RUNPATH_SEARCH_PATHS = (
					"$(inherited)",
					"@executable_path/Frameworks",
				);
				MARKETING_VERSION = 1.0.0;
				PRODUCT_BUNDLE_IDENTIFIER = com.meetingtranscriber.app;
				PRODUCT_NAME = "$(TARGET_NAME)";
				SWIFT_EMIT_LOC_STRINGS = YES;
				SWIFT_VERSION = 5.0;
				TARGETED_DEVICE_FAMILY = "1,2";
			};
			name = Release;
		};
/* End XCBuildConfiguration section */

/* Begin XCConfigurationList section */
		G10001 /* Build configuration list for PBXProject "MeetingTranscriber" */ = {
			isa = XCConfigurationList;
			buildConfigurations = (
				G10002 /* Debug */,
				G10004 /* Release */,
			);
			defaultConfigurationIsVisible = 0;
			defaultConfigurationName = Release;
		};
		G10003 /* Build configuration list for PBXNativeTarget "MeetingTranscriber" */ = {
			isa = XCConfigurationList;
			buildConfigurations = (
				G10005 /* Debug */,
				G10006 /* Release */,
			);
			defaultConfigurationIsVisible = 0;
			defaultConfigurationName = Release;
		};
/* End XCConfigurationList section */
	};
	rootObject = H10001 /* Project object */;
}
